
Microsoft Visual Studio Solution File, Format Version 12.00
# Visual Studio 2013
VisualStudioVersion = 12.0.30110.0
MinimumVisualStudioVersion = 10.0.40219.1
Project("{FAE04EC0-301F-11D3-BF4B-00C04F79EFBC}") = "TaskOne", "TaskOne\TaskOne.csproj", "{ADBEDD57-0261-4157-85F8-41580C4E4FBB}"
EndProject
Project("{FAE04EC0-301F-11D3-BF4B-00C04F79EFBC}") = "TaskTwo", "TaskTwo\TaskTwo.csproj", "{3B0A6371-9DDB-428A-9CCA-37D2244493D7}"
EndProject
Global
	GlobalSection(SolutionConfigurationPlatforms) = preSolution
		Debug|Any CPU = Debug|Any CPU
		Release|Any CPU = Release|Any CPU
	EndGlobalSection
	GlobalSection(ProjectConfigurationPlatforms) = postSolution
		{ADBEDD57-0261-4157-85F8-41580C4E4FBB}.Debug|Any CPU.ActiveCfg = Debug|Any CPU
		{ADBEDD57-0261-4157-85F8-41580C4E4FBB}.Debug|Any CPU.Build.0 = Debug|Any CPU
		{ADBEDD57-0261-4157-85F8-41580C4E4FBB}.Release|Any CPU.ActiveCfg = Release|Any CPU
		{ADBEDD57-0261-4157-85F8-41580C4E4FBB}.Release|Any CPU.Build.0 = Release|Any CPU
		{3B0A6371-9DDB-428A-9CCA-37D2244493D7}.Debug|Any CPU.ActiveCfg = Debug|Any CPU
		{3B0A6371-9DDB-428A-9CCA-37D2244493D7}.Debug|Any CPU.Build.0 = Debug|Any CPU
		{3B0A6371-9DDB-428A-9CCA-37D2244493D7}.Release|Any CPU.ActiveCfg = Release|Any CPU
		{3B0A6371-9DDB-428A-9CCA-37D2244493D7}.Release|Any CPU.Build.0 = Release|Any CPU
	EndGlobalSection
	GlobalSection(SolutionProperties) = preSolution
		HideSolutionNode = FALSE
	EndGlobalSection
	GlobalSection(CodealikeProperties) = postSolution
		SolutionGuid = 7e84183b-617c-427c-9801-5cde98a32134
	EndGlobalSection
EndGlobal
