
Microsoft Visual Studio Solution File, Format Version 12.00
# Visual Studio 2013
VisualStudioVersion = 12.0.30110.0
MinimumVisualStudioVersion = 10.0.40219.1
Project("{FAE04EC0-301F-11D3-BF4B-00C04F79EFBC}") = "TaskOne", "TaskOne\TaskOne.csproj", "{C35BE94E-3E8D-4C82-A29B-331FB7DFE812}"
EndProject
Global
	GlobalSection(CodealikeProperties) = postSolution
		SolutionGuid = e7028c8b-ee01-46e7-8186-00dfb61cab05
	EndGlobalSection
	GlobalSection(SolutionConfigurationPlatforms) = preSolution
		Debug|Any CPU = Debug|Any CPU
		Release|Any CPU = Release|Any CPU
	EndGlobalSection
	GlobalSection(ProjectConfigurationPlatforms) = postSolution
		{C35BE94E-3E8D-4C82-A29B-331FB7DFE812}.Debug|Any CPU.ActiveCfg = Debug|Any CPU
		{C35BE94E-3E8D-4C82-A29B-331FB7DFE812}.Debug|Any CPU.Build.0 = Debug|Any CPU
		{C35BE94E-3E8D-4C82-A29B-331FB7DFE812}.Release|Any CPU.ActiveCfg = Release|Any CPU
		{C35BE94E-3E8D-4C82-A29B-331FB7DFE812}.Release|Any CPU.Build.0 = Release|Any CPU
	EndGlobalSection
	GlobalSection(SolutionProperties) = preSolution
		HideSolutionNode = FALSE
	EndGlobalSection
EndGlobal
