
Microsoft Visual Studio Solution File, Format Version 12.00
# Visual Studio 2012
Project("{FAE04EC0-301F-11D3-BF4B-00C04F79EFBC}") = "01.PrintArrays", "01.PrintArrays\01.PrintArrays.csproj", "{61648CF2-DADA-434B-9992-BBADA78AEB27}"
EndProject
Project("{FAE04EC0-301F-11D3-BF4B-00C04F79EFBC}") = "02.MaximalSumOfSquareInMatrix", "02.MaximalSumOfSquareInMatrix\02.MaximalSumOfSquareInMatrix.csproj", "{6DAF10A9-8A5E-4B20-B550-A29F5CAD96D6}"
EndProject
Project("{FAE04EC0-301F-11D3-BF4B-00C04F79EFBC}") = "03.EqualStringsInMatrix", "03.EqualStringsInMatrix\03.EqualStringsInMatrix.csproj", "{0C678C71-8256-40B6-B443-362E5089DEB4}"
EndProject
Project("{FAE04EC0-301F-11D3-BF4B-00C04F79EFBC}") = "04.ArrayBinSearch", "04.ArrayBinSearch\04.ArrayBinSearch.csproj", "{5753DA82-F7AC-4E67-9FD1-165528B7D60B}"
EndProject
Global
	GlobalSection(SolutionConfigurationPlatforms) = preSolution
		Debug|Any CPU = Debug|Any CPU
		Release|Any CPU = Release|Any CPU
	EndGlobalSection
	GlobalSection(ProjectConfigurationPlatforms) = postSolution
		{61648CF2-DADA-434B-9992-BBADA78AEB27}.Debug|Any CPU.ActiveCfg = Debug|Any CPU
		{61648CF2-DADA-434B-9992-BBADA78AEB27}.Debug|Any CPU.Build.0 = Debug|Any CPU
		{61648CF2-DADA-434B-9992-BBADA78AEB27}.Release|Any CPU.ActiveCfg = Release|Any CPU
		{61648CF2-DADA-434B-9992-BBADA78AEB27}.Release|Any CPU.Build.0 = Release|Any CPU
		{6DAF10A9-8A5E-4B20-B550-A29F5CAD96D6}.Debug|Any CPU.ActiveCfg = Debug|Any CPU
		{6DAF10A9-8A5E-4B20-B550-A29F5CAD96D6}.Debug|Any CPU.Build.0 = Debug|Any CPU
		{6DAF10A9-8A5E-4B20-B550-A29F5CAD96D6}.Release|Any CPU.ActiveCfg = Release|Any CPU
		{6DAF10A9-8A5E-4B20-B550-A29F5CAD96D6}.Release|Any CPU.Build.0 = Release|Any CPU
		{0C678C71-8256-40B6-B443-362E5089DEB4}.Debug|Any CPU.ActiveCfg = Debug|Any CPU
		{0C678C71-8256-40B6-B443-362E5089DEB4}.Debug|Any CPU.Build.0 = Debug|Any CPU
		{0C678C71-8256-40B6-B443-362E5089DEB4}.Release|Any CPU.ActiveCfg = Release|Any CPU
		{0C678C71-8256-40B6-B443-362E5089DEB4}.Release|Any CPU.Build.0 = Release|Any CPU
		{5753DA82-F7AC-4E67-9FD1-165528B7D60B}.Debug|Any CPU.ActiveCfg = Debug|Any CPU
		{5753DA82-F7AC-4E67-9FD1-165528B7D60B}.Debug|Any CPU.Build.0 = Debug|Any CPU
		{5753DA82-F7AC-4E67-9FD1-165528B7D60B}.Release|Any CPU.ActiveCfg = Release|Any CPU
		{5753DA82-F7AC-4E67-9FD1-165528B7D60B}.Release|Any CPU.Build.0 = Release|Any CPU
	EndGlobalSection
	GlobalSection(SolutionProperties) = preSolution
		HideSolutionNode = FALSE
	EndGlobalSection
EndGlobal
