
Microsoft Visual Studio Solution File, Format Version 12.00
# Visual Studio 2012
Project("{FAE04EC0-301F-11D3-BF4B-00C04F79EFBC}") = "FTML", "FTML\FTML.csproj", "{9B18FB04-FE5E-4F35-BB99-5742480C10F9}"
EndProject
Project("{2150E333-8FDC-42A3-9474-1A3956D46DE8}") = "Solution Items", "Solution Items", "{E4A08728-5FDC-4E55-BA2B-697DCACB992C}"
EndProject
Project("{FAE04EC0-301F-11D3-BF4B-00C04F79EFBC}") = "KukataIsDancing", "KukataIsDancing\KukataIsDancing.csproj", "{99D87C9A-5AE1-4944-8173-2E35B36F0693}"
EndProject
Project("{FAE04EC0-301F-11D3-BF4B-00C04F79EFBC}") = "9gagNumbers", "9gagNumbers\9gagNumbers.csproj", "{66730D2F-8977-44DB-80BF-10F84CE2C84A}"
EndProject
Project("{FAE04EC0-301F-11D3-BF4B-00C04F79EFBC}") = "SpecialValue", "SpecialValue\SpecialValue.csproj", "{EA439F62-8A3B-4428-86D4-D23BBADA9BDA}"
EndProject
Project("{FAE04EC0-301F-11D3-BF4B-00C04F79EFBC}") = "ThreeInOne", "ThreeInOne\ThreeInOne.csproj", "{2E5823FB-8A46-41A8-BD56-3544572CD643}"
EndProject
Global
	GlobalSection(SolutionConfigurationPlatforms) = preSolution
		Debug|Any CPU = Debug|Any CPU
		Release|Any CPU = Release|Any CPU
	EndGlobalSection
	GlobalSection(ProjectConfigurationPlatforms) = postSolution
		{9B18FB04-FE5E-4F35-BB99-5742480C10F9}.Debug|Any CPU.ActiveCfg = Debug|Any CPU
		{9B18FB04-FE5E-4F35-BB99-5742480C10F9}.Debug|Any CPU.Build.0 = Debug|Any CPU
		{9B18FB04-FE5E-4F35-BB99-5742480C10F9}.Release|Any CPU.ActiveCfg = Release|Any CPU
		{9B18FB04-FE5E-4F35-BB99-5742480C10F9}.Release|Any CPU.Build.0 = Release|Any CPU
		{99D87C9A-5AE1-4944-8173-2E35B36F0693}.Debug|Any CPU.ActiveCfg = Debug|Any CPU
		{99D87C9A-5AE1-4944-8173-2E35B36F0693}.Debug|Any CPU.Build.0 = Debug|Any CPU
		{99D87C9A-5AE1-4944-8173-2E35B36F0693}.Release|Any CPU.ActiveCfg = Release|Any CPU
		{99D87C9A-5AE1-4944-8173-2E35B36F0693}.Release|Any CPU.Build.0 = Release|Any CPU
		{66730D2F-8977-44DB-80BF-10F84CE2C84A}.Debug|Any CPU.ActiveCfg = Debug|Any CPU
		{66730D2F-8977-44DB-80BF-10F84CE2C84A}.Debug|Any CPU.Build.0 = Debug|Any CPU
		{66730D2F-8977-44DB-80BF-10F84CE2C84A}.Release|Any CPU.ActiveCfg = Release|Any CPU
		{66730D2F-8977-44DB-80BF-10F84CE2C84A}.Release|Any CPU.Build.0 = Release|Any CPU
		{EA439F62-8A3B-4428-86D4-D23BBADA9BDA}.Debug|Any CPU.ActiveCfg = Debug|Any CPU
		{EA439F62-8A3B-4428-86D4-D23BBADA9BDA}.Debug|Any CPU.Build.0 = Debug|Any CPU
		{EA439F62-8A3B-4428-86D4-D23BBADA9BDA}.Release|Any CPU.ActiveCfg = Release|Any CPU
		{EA439F62-8A3B-4428-86D4-D23BBADA9BDA}.Release|Any CPU.Build.0 = Release|Any CPU
		{2E5823FB-8A46-41A8-BD56-3544572CD643}.Debug|Any CPU.ActiveCfg = Debug|Any CPU
		{2E5823FB-8A46-41A8-BD56-3544572CD643}.Debug|Any CPU.Build.0 = Debug|Any CPU
		{2E5823FB-8A46-41A8-BD56-3544572CD643}.Release|Any CPU.ActiveCfg = Release|Any CPU
		{2E5823FB-8A46-41A8-BD56-3544572CD643}.Release|Any CPU.Build.0 = Release|Any CPU
	EndGlobalSection
	GlobalSection(SolutionProperties) = preSolution
		HideSolutionNode = FALSE
	EndGlobalSection
	GlobalSection(Performance) = preSolution
		HasPerformanceSessions = true
	EndGlobalSection
EndGlobal
