
Microsoft Visual Studio Solution File, Format Version 12.00
# Visual Studio 2013
VisualStudioVersion = 12.0.30723.0
MinimumVisualStudioVersion = 10.0.40219.1
Project("{FAE04EC0-301F-11D3-BF4B-00C04F79EFBC}") = "TaskOne", "TaskOne\TaskOne.csproj", "{93C4C2C3-DE2F-478E-9615-BD7565723024}"
EndProject
Project("{FAE04EC0-301F-11D3-BF4B-00C04F79EFBC}") = "TaskTwo", "TaskTwo\TaskTwo.csproj", "{F7348D71-5B47-43B8-B593-00FFC06B7910}"
EndProject
Project("{FAE04EC0-301F-11D3-BF4B-00C04F79EFBC}") = "TaskThree", "TaskThree\TaskThree.csproj", "{A888C429-354E-441A-854A-D235E629369A}"
EndProject
Global
	GlobalSection(SolutionConfigurationPlatforms) = preSolution
		Debug|Any CPU = Debug|Any CPU
		Release|Any CPU = Release|Any CPU
	EndGlobalSection
	GlobalSection(ProjectConfigurationPlatforms) = postSolution
		{93C4C2C3-DE2F-478E-9615-BD7565723024}.Debug|Any CPU.ActiveCfg = Debug|Any CPU
		{93C4C2C3-DE2F-478E-9615-BD7565723024}.Debug|Any CPU.Build.0 = Debug|Any CPU
		{93C4C2C3-DE2F-478E-9615-BD7565723024}.Release|Any CPU.ActiveCfg = Release|Any CPU
		{93C4C2C3-DE2F-478E-9615-BD7565723024}.Release|Any CPU.Build.0 = Release|Any CPU
		{F7348D71-5B47-43B8-B593-00FFC06B7910}.Debug|Any CPU.ActiveCfg = Debug|Any CPU
		{F7348D71-5B47-43B8-B593-00FFC06B7910}.Debug|Any CPU.Build.0 = Debug|Any CPU
		{F7348D71-5B47-43B8-B593-00FFC06B7910}.Release|Any CPU.ActiveCfg = Release|Any CPU
		{F7348D71-5B47-43B8-B593-00FFC06B7910}.Release|Any CPU.Build.0 = Release|Any CPU
		{A888C429-354E-441A-854A-D235E629369A}.Debug|Any CPU.ActiveCfg = Debug|Any CPU
		{A888C429-354E-441A-854A-D235E629369A}.Debug|Any CPU.Build.0 = Debug|Any CPU
		{A888C429-354E-441A-854A-D235E629369A}.Release|Any CPU.ActiveCfg = Release|Any CPU
		{A888C429-354E-441A-854A-D235E629369A}.Release|Any CPU.Build.0 = Release|Any CPU
	EndGlobalSection
	GlobalSection(SolutionProperties) = preSolution
		HideSolutionNode = FALSE
	EndGlobalSection
EndGlobal
