
Microsoft Visual Studio Solution File, Format Version 12.00
# Visual Studio 2013
VisualStudioVersion = 12.0.21005.1
MinimumVisualStudioVersion = 10.0.40219.1
Project("{FAE04EC0-301F-11D3-BF4B-00C04F79EFBC}") = "HTML Tables", "HTML Tables\HTML Tables.csproj", "{516BB4A6-9F70-4C7C-A90E-D875B1613057}"
EndProject
Global
	GlobalSection(CodealikeProperties) = postSolution
		SolutionGuid = a509f177-ea09-4229-bd58-1eb6ab942bf9
	EndGlobalSection
	GlobalSection(SolutionConfigurationPlatforms) = preSolution
		Debug|Any CPU = Debug|Any CPU
		Release|Any CPU = Release|Any CPU
	EndGlobalSection
	GlobalSection(ProjectConfigurationPlatforms) = postSolution
		{516BB4A6-9F70-4C7C-A90E-D875B1613057}.Debug|Any CPU.ActiveCfg = Debug|Any CPU
		{516BB4A6-9F70-4C7C-A90E-D875B1613057}.Debug|Any CPU.Build.0 = Debug|Any CPU
		{516BB4A6-9F70-4C7C-A90E-D875B1613057}.Release|Any CPU.ActiveCfg = Release|Any CPU
		{516BB4A6-9F70-4C7C-A90E-D875B1613057}.Release|Any CPU.Build.0 = Release|Any CPU
	EndGlobalSection
	GlobalSection(SolutionProperties) = preSolution
		HideSolutionNode = FALSE
	EndGlobalSection
EndGlobal
