
Microsoft Visual Studio Solution File, Format Version 12.00
# Visual Studio 2013
VisualStudioVersion = 12.0.21005.1
MinimumVisualStudioVersion = 10.0.40219.1
Project("{FAE04EC0-301F-11D3-BF4B-00C04F79EFBC}") = "1. Registration form", "1. Registration form\1. Registration form.csproj", "{6F37FC0A-3C84-4080-9FE9-3461FD326FA9}"
EndProject
Project("{FAE04EC0-301F-11D3-BF4B-00C04F79EFBC}") = "2. Students table", "2. Students table\2. Students table.csproj", "{63DC0CF5-43EA-4A9C-A301-75D599E6448D}"
EndProject
Project("{FAE04EC0-301F-11D3-BF4B-00C04F79EFBC}") = "3. Grid", "3. Grid\3. Grid.csproj", "{72A1BAA6-C555-4F59-8356-214B87C49B5F}"
EndProject
Project("{FAE04EC0-301F-11D3-BF4B-00C04F79EFBC}") = "4. Laptop", "4. Laptop\4. Laptop.csproj", "{22F2D2D3-7AD8-487A-98CC-AA4436CE0D05}"
EndProject
Global
	GlobalSection(SolutionConfigurationPlatforms) = preSolution
		Debug|Any CPU = Debug|Any CPU
		Release|Any CPU = Release|Any CPU
	EndGlobalSection
	GlobalSection(ProjectConfigurationPlatforms) = postSolution
		{6F37FC0A-3C84-4080-9FE9-3461FD326FA9}.Debug|Any CPU.ActiveCfg = Debug|Any CPU
		{6F37FC0A-3C84-4080-9FE9-3461FD326FA9}.Debug|Any CPU.Build.0 = Debug|Any CPU
		{6F37FC0A-3C84-4080-9FE9-3461FD326FA9}.Release|Any CPU.ActiveCfg = Release|Any CPU
		{6F37FC0A-3C84-4080-9FE9-3461FD326FA9}.Release|Any CPU.Build.0 = Release|Any CPU
		{63DC0CF5-43EA-4A9C-A301-75D599E6448D}.Debug|Any CPU.ActiveCfg = Debug|Any CPU
		{63DC0CF5-43EA-4A9C-A301-75D599E6448D}.Debug|Any CPU.Build.0 = Debug|Any CPU
		{63DC0CF5-43EA-4A9C-A301-75D599E6448D}.Release|Any CPU.ActiveCfg = Release|Any CPU
		{63DC0CF5-43EA-4A9C-A301-75D599E6448D}.Release|Any CPU.Build.0 = Release|Any CPU
		{72A1BAA6-C555-4F59-8356-214B87C49B5F}.Debug|Any CPU.ActiveCfg = Debug|Any CPU
		{72A1BAA6-C555-4F59-8356-214B87C49B5F}.Debug|Any CPU.Build.0 = Debug|Any CPU
		{72A1BAA6-C555-4F59-8356-214B87C49B5F}.Release|Any CPU.ActiveCfg = Release|Any CPU
		{72A1BAA6-C555-4F59-8356-214B87C49B5F}.Release|Any CPU.Build.0 = Release|Any CPU
		{22F2D2D3-7AD8-487A-98CC-AA4436CE0D05}.Debug|Any CPU.ActiveCfg = Debug|Any CPU
		{22F2D2D3-7AD8-487A-98CC-AA4436CE0D05}.Debug|Any CPU.Build.0 = Debug|Any CPU
		{22F2D2D3-7AD8-487A-98CC-AA4436CE0D05}.Release|Any CPU.ActiveCfg = Release|Any CPU
		{22F2D2D3-7AD8-487A-98CC-AA4436CE0D05}.Release|Any CPU.Build.0 = Release|Any CPU
	EndGlobalSection
	GlobalSection(SolutionProperties) = preSolution
		HideSolutionNode = FALSE
	EndGlobalSection
	GlobalSection(CodealikeProperties) = postSolution
		SolutionGuid = d54afbac-ec9e-4574-af7b-75852990732e
	EndGlobalSection
EndGlobal
