
Microsoft Visual Studio Solution File, Format Version 12.00
# Visual Studio 2013
VisualStudioVersion = 12.0.30723.0
MinimumVisualStudioVersion = 10.0.40219.1
Project("{FAE04EC0-301F-11D3-BF4B-00C04F79EFBC}") = "01.Task", "01.Task\01.Task.csproj", "{238AD8E2-1369-4E86-AE36-4124D33AE070}"
EndProject
Project("{FAE04EC0-301F-11D3-BF4B-00C04F79EFBC}") = "02.Task", "02.Task\02.Task.csproj", "{87C6F17A-0C0C-43FF-89E4-1952188D41EA}"
EndProject
Project("{FAE04EC0-301F-11D3-BF4B-00C04F79EFBC}") = "03.Task", "03.Task\03.Task.csproj", "{5F91B718-2CDD-4902-9428-81A6828F4C44}"
EndProject
Project("{FAE04EC0-301F-11D3-BF4B-00C04F79EFBC}") = "04.Task", "04.Task\04.Task.csproj", "{9C0E0392-9BFD-42E1-988B-79CF619091D8}"
EndProject
Project("{FAE04EC0-301F-11D3-BF4B-00C04F79EFBC}") = "04.TaskTest", "04.TaskTest\04.TaskTest.csproj", "{80241FE2-7CC4-478A-B82B-0E970D95F30B}"
EndProject
Project("{FAE04EC0-301F-11D3-BF4B-00C04F79EFBC}") = "05.Task", "05.Task\05.Task.csproj", "{62C6FCF2-31E8-4F31-8FD1-8873C8C8EF52}"
EndProject
Project("{FAE04EC0-301F-11D3-BF4B-00C04F79EFBC}") = "06.Task", "06.Task\06.Task.csproj", "{CADC3278-B520-4241-8BB8-295E6C411C68}"
EndProject
Project("{FAE04EC0-301F-11D3-BF4B-00C04F79EFBC}") = "07.Task", "07.Task\07.Task.csproj", "{90D62561-B4A3-462F-9055-E3E8647EF148}"
EndProject
Project("{FAE04EC0-301F-11D3-BF4B-00C04F79EFBC}") = "09.Task", "09.Task\09.Task.csproj", "{242B3A0F-9C60-4E70-9098-CE6D3C566EE7}"
EndProject
Project("{FAE04EC0-301F-11D3-BF4B-00C04F79EFBC}") = "11.Task", "11.Task\11.Task.csproj", "{4E27051F-4924-4794-82B2-F7266DCC5D9E}"
EndProject
Project("{FAE04EC0-301F-11D3-BF4B-00C04F79EFBC}") = "12.Task", "12.Task\12.Task.csproj", "{AFD6B313-7A01-416E-8340-21A34F44A73B}"
EndProject
Project("{FAE04EC0-301F-11D3-BF4B-00C04F79EFBC}") = "13.Task", "13.Task\13.Task.csproj", "{D3C1A26E-638B-44AA-9075-EE2C58A68645}"
EndProject
Global
	GlobalSection(SolutionConfigurationPlatforms) = preSolution
		Debug|Any CPU = Debug|Any CPU
		Release|Any CPU = Release|Any CPU
	EndGlobalSection
	GlobalSection(ProjectConfigurationPlatforms) = postSolution
		{238AD8E2-1369-4E86-AE36-4124D33AE070}.Debug|Any CPU.ActiveCfg = Debug|Any CPU
		{238AD8E2-1369-4E86-AE36-4124D33AE070}.Debug|Any CPU.Build.0 = Debug|Any CPU
		{238AD8E2-1369-4E86-AE36-4124D33AE070}.Release|Any CPU.ActiveCfg = Release|Any CPU
		{238AD8E2-1369-4E86-AE36-4124D33AE070}.Release|Any CPU.Build.0 = Release|Any CPU
		{87C6F17A-0C0C-43FF-89E4-1952188D41EA}.Debug|Any CPU.ActiveCfg = Debug|Any CPU
		{87C6F17A-0C0C-43FF-89E4-1952188D41EA}.Debug|Any CPU.Build.0 = Debug|Any CPU
		{87C6F17A-0C0C-43FF-89E4-1952188D41EA}.Release|Any CPU.ActiveCfg = Release|Any CPU
		{87C6F17A-0C0C-43FF-89E4-1952188D41EA}.Release|Any CPU.Build.0 = Release|Any CPU
		{5F91B718-2CDD-4902-9428-81A6828F4C44}.Debug|Any CPU.ActiveCfg = Debug|Any CPU
		{5F91B718-2CDD-4902-9428-81A6828F4C44}.Debug|Any CPU.Build.0 = Debug|Any CPU
		{5F91B718-2CDD-4902-9428-81A6828F4C44}.Release|Any CPU.ActiveCfg = Release|Any CPU
		{5F91B718-2CDD-4902-9428-81A6828F4C44}.Release|Any CPU.Build.0 = Release|Any CPU
		{9C0E0392-9BFD-42E1-988B-79CF619091D8}.Debug|Any CPU.ActiveCfg = Debug|Any CPU
		{9C0E0392-9BFD-42E1-988B-79CF619091D8}.Debug|Any CPU.Build.0 = Debug|Any CPU
		{9C0E0392-9BFD-42E1-988B-79CF619091D8}.Release|Any CPU.ActiveCfg = Release|Any CPU
		{9C0E0392-9BFD-42E1-988B-79CF619091D8}.Release|Any CPU.Build.0 = Release|Any CPU
		{80241FE2-7CC4-478A-B82B-0E970D95F30B}.Debug|Any CPU.ActiveCfg = Debug|Any CPU
		{80241FE2-7CC4-478A-B82B-0E970D95F30B}.Debug|Any CPU.Build.0 = Debug|Any CPU
		{80241FE2-7CC4-478A-B82B-0E970D95F30B}.Release|Any CPU.ActiveCfg = Release|Any CPU
		{80241FE2-7CC4-478A-B82B-0E970D95F30B}.Release|Any CPU.Build.0 = Release|Any CPU
		{62C6FCF2-31E8-4F31-8FD1-8873C8C8EF52}.Debug|Any CPU.ActiveCfg = Debug|Any CPU
		{62C6FCF2-31E8-4F31-8FD1-8873C8C8EF52}.Debug|Any CPU.Build.0 = Debug|Any CPU
		{62C6FCF2-31E8-4F31-8FD1-8873C8C8EF52}.Release|Any CPU.ActiveCfg = Release|Any CPU
		{62C6FCF2-31E8-4F31-8FD1-8873C8C8EF52}.Release|Any CPU.Build.0 = Release|Any CPU
		{CADC3278-B520-4241-8BB8-295E6C411C68}.Debug|Any CPU.ActiveCfg = Debug|Any CPU
		{CADC3278-B520-4241-8BB8-295E6C411C68}.Debug|Any CPU.Build.0 = Debug|Any CPU
		{CADC3278-B520-4241-8BB8-295E6C411C68}.Release|Any CPU.ActiveCfg = Release|Any CPU
		{CADC3278-B520-4241-8BB8-295E6C411C68}.Release|Any CPU.Build.0 = Release|Any CPU
		{90D62561-B4A3-462F-9055-E3E8647EF148}.Debug|Any CPU.ActiveCfg = Debug|Any CPU
		{90D62561-B4A3-462F-9055-E3E8647EF148}.Debug|Any CPU.Build.0 = Debug|Any CPU
		{90D62561-B4A3-462F-9055-E3E8647EF148}.Release|Any CPU.ActiveCfg = Release|Any CPU
		{90D62561-B4A3-462F-9055-E3E8647EF148}.Release|Any CPU.Build.0 = Release|Any CPU
		{242B3A0F-9C60-4E70-9098-CE6D3C566EE7}.Debug|Any CPU.ActiveCfg = Debug|Any CPU
		{242B3A0F-9C60-4E70-9098-CE6D3C566EE7}.Debug|Any CPU.Build.0 = Debug|Any CPU
		{242B3A0F-9C60-4E70-9098-CE6D3C566EE7}.Release|Any CPU.ActiveCfg = Release|Any CPU
		{242B3A0F-9C60-4E70-9098-CE6D3C566EE7}.Release|Any CPU.Build.0 = Release|Any CPU
		{4E27051F-4924-4794-82B2-F7266DCC5D9E}.Debug|Any CPU.ActiveCfg = Debug|Any CPU
		{4E27051F-4924-4794-82B2-F7266DCC5D9E}.Debug|Any CPU.Build.0 = Debug|Any CPU
		{4E27051F-4924-4794-82B2-F7266DCC5D9E}.Release|Any CPU.ActiveCfg = Release|Any CPU
		{4E27051F-4924-4794-82B2-F7266DCC5D9E}.Release|Any CPU.Build.0 = Release|Any CPU
		{AFD6B313-7A01-416E-8340-21A34F44A73B}.Debug|Any CPU.ActiveCfg = Debug|Any CPU
		{AFD6B313-7A01-416E-8340-21A34F44A73B}.Debug|Any CPU.Build.0 = Debug|Any CPU
		{AFD6B313-7A01-416E-8340-21A34F44A73B}.Release|Any CPU.ActiveCfg = Release|Any CPU
		{AFD6B313-7A01-416E-8340-21A34F44A73B}.Release|Any CPU.Build.0 = Release|Any CPU
		{D3C1A26E-638B-44AA-9075-EE2C58A68645}.Debug|Any CPU.ActiveCfg = Debug|Any CPU
		{D3C1A26E-638B-44AA-9075-EE2C58A68645}.Debug|Any CPU.Build.0 = Debug|Any CPU
		{D3C1A26E-638B-44AA-9075-EE2C58A68645}.Release|Any CPU.ActiveCfg = Release|Any CPU
		{D3C1A26E-638B-44AA-9075-EE2C58A68645}.Release|Any CPU.Build.0 = Release|Any CPU
	EndGlobalSection
	GlobalSection(SolutionProperties) = preSolution
		HideSolutionNode = FALSE
	EndGlobalSection
EndGlobal
