
Microsoft Visual Studio Solution File, Format Version 12.00
# Visual Studio 2013
VisualStudioVersion = 12.0.30110.0
MinimumVisualStudioVersion = 10.0.40219.1
Project("{FAE04EC0-301F-11D3-BF4B-00C04F79EFBC}") = "SecondTask", "SecondTask\SecondTask.csproj", "{730DD474-BA7E-43AA-8934-3C23E701B267}"
EndProject
Project("{FAE04EC0-301F-11D3-BF4B-00C04F79EFBC}") = "ThirdTask", "ThirdTask\ThirdTask.csproj", "{68E86B47-713C-4FE1-A068-2E3C7928864A}"
EndProject
Project("{FAE04EC0-301F-11D3-BF4B-00C04F79EFBC}") = "ForthTask", "ForthTask\ForthTask.csproj", "{592E52C6-C394-4449-9B12-B174A25FE27C}"
EndProject
Project("{FAE04EC0-301F-11D3-BF4B-00C04F79EFBC}") = "FirstTask", "FirstTask\FirstTask.csproj", "{2D2B88FF-9017-4F13-A718-A779C7A0DE74}"
EndProject
Global
	GlobalSection(SolutionConfigurationPlatforms) = preSolution
		Debug|Any CPU = Debug|Any CPU
		Release|Any CPU = Release|Any CPU
	EndGlobalSection
	GlobalSection(ProjectConfigurationPlatforms) = postSolution
		{730DD474-BA7E-43AA-8934-3C23E701B267}.Debug|Any CPU.ActiveCfg = Debug|Any CPU
		{730DD474-BA7E-43AA-8934-3C23E701B267}.Debug|Any CPU.Build.0 = Debug|Any CPU
		{730DD474-BA7E-43AA-8934-3C23E701B267}.Release|Any CPU.ActiveCfg = Release|Any CPU
		{730DD474-BA7E-43AA-8934-3C23E701B267}.Release|Any CPU.Build.0 = Release|Any CPU
		{68E86B47-713C-4FE1-A068-2E3C7928864A}.Debug|Any CPU.ActiveCfg = Debug|Any CPU
		{68E86B47-713C-4FE1-A068-2E3C7928864A}.Debug|Any CPU.Build.0 = Debug|Any CPU
		{68E86B47-713C-4FE1-A068-2E3C7928864A}.Release|Any CPU.ActiveCfg = Release|Any CPU
		{68E86B47-713C-4FE1-A068-2E3C7928864A}.Release|Any CPU.Build.0 = Release|Any CPU
		{592E52C6-C394-4449-9B12-B174A25FE27C}.Debug|Any CPU.ActiveCfg = Debug|Any CPU
		{592E52C6-C394-4449-9B12-B174A25FE27C}.Debug|Any CPU.Build.0 = Debug|Any CPU
		{592E52C6-C394-4449-9B12-B174A25FE27C}.Release|Any CPU.ActiveCfg = Release|Any CPU
		{592E52C6-C394-4449-9B12-B174A25FE27C}.Release|Any CPU.Build.0 = Release|Any CPU
		{2D2B88FF-9017-4F13-A718-A779C7A0DE74}.Debug|Any CPU.ActiveCfg = Debug|Any CPU
		{2D2B88FF-9017-4F13-A718-A779C7A0DE74}.Debug|Any CPU.Build.0 = Debug|Any CPU
		{2D2B88FF-9017-4F13-A718-A779C7A0DE74}.Release|Any CPU.ActiveCfg = Release|Any CPU
		{2D2B88FF-9017-4F13-A718-A779C7A0DE74}.Release|Any CPU.Build.0 = Release|Any CPU
	EndGlobalSection
	GlobalSection(SolutionProperties) = preSolution
		HideSolutionNode = FALSE
	EndGlobalSection
	GlobalSection(CodealikeProperties) = postSolution
		SolutionGuid = 7324fe78-bf61-47f3-8785-8eb0a996c0ec
	EndGlobalSection
EndGlobal
