
Microsoft Visual Studio Solution File, Format Version 12.00
# Visual Studio 2012
Project("{FAE04EC0-301F-11D3-BF4B-00C04F79EFBC}") = "01.InitializeArray", "01.InitializeArray\01.InitializeArray.csproj", "{E87A78FE-3188-48C1-8A2C-42634B0F1F8B}"
EndProject
Project("{FAE04EC0-301F-11D3-BF4B-00C04F79EFBC}") = "02.CompareArrays", "02.CompareArrays\02.CompareArrays.csproj", "{EA618DF1-8ABE-4CA8-8C7B-6E3546B92D1F}"
EndProject
Project("{FAE04EC0-301F-11D3-BF4B-00C04F79EFBC}") = "03.CompareCharArrays", "03.CompareCharArrays\03.CompareCharArrays.csproj", "{3482C192-1CBD-4861-8566-CD7CDA9E303D}"
EndProject
Project("{FAE04EC0-301F-11D3-BF4B-00C04F79EFBC}") = "04.MaxSequenceOfEqualElements", "04.MaxSequenceOfEqualElements\04.MaxSequenceOfEqualElements.csproj", "{58812C77-9CE1-4DF9-BDCC-E38FD733BC47}"
EndProject
Project("{FAE04EC0-301F-11D3-BF4B-00C04F79EFBC}") = "05.MaxIncreasingSequence", "05.MaxIncreasingSequence\05.MaxIncreasingSequence.csproj", "{5E0B76B9-AB71-4BCD-8F0E-B12190B49836}"
EndProject
Project("{FAE04EC0-301F-11D3-BF4B-00C04F79EFBC}") = "06.MaxSumOfKElements", "06.MaxSumOfKElements\06.MaxSumOfKElements.csproj", "{FBF5B3DF-7636-462F-B41B-47120CDCA800}"
EndProject
Project("{FAE04EC0-301F-11D3-BF4B-00C04F79EFBC}") = "07.SelectionSort", "07.SelectionSort\07.SelectionSort.csproj", "{D9461DDE-E8C4-4FDE-BAB9-CD37A0537E1F}"
EndProject
Project("{FAE04EC0-301F-11D3-BF4B-00C04F79EFBC}") = "08.FindTheSequenceWithMaxSum", "08.FindTheSequenceWithMaxSum\08.FindTheSequenceWithMaxSum.csproj", "{7B459CCE-41AB-4C84-B3D6-166B97D6527B}"
EndProject
Project("{FAE04EC0-301F-11D3-BF4B-00C04F79EFBC}") = "09.MostFrequentNumber", "09.MostFrequentNumber\09.MostFrequentNumber.csproj", "{050EEF56-90F7-4D20-B076-FCF82602BB16}"
EndProject
Project("{FAE04EC0-301F-11D3-BF4B-00C04F79EFBC}") = "10.SequenceWithSumS", "10.SequenceWithSumS\10.SequenceWithSumS.csproj", "{4AC63772-FEC2-4523-9BCF-33D11603FF73}"
EndProject
Project("{FAE04EC0-301F-11D3-BF4B-00C04F79EFBC}") = "16.SubsetSum", "16.SubsetSum\16.SubsetSum.csproj", "{4B0F1410-89F7-44A2-B076-085E7E1B7CDB}"
EndProject
Global
	GlobalSection(SolutionConfigurationPlatforms) = preSolution
		Debug|Any CPU = Debug|Any CPU
		Release|Any CPU = Release|Any CPU
	EndGlobalSection
	GlobalSection(ProjectConfigurationPlatforms) = postSolution
		{E87A78FE-3188-48C1-8A2C-42634B0F1F8B}.Debug|Any CPU.ActiveCfg = Debug|Any CPU
		{E87A78FE-3188-48C1-8A2C-42634B0F1F8B}.Debug|Any CPU.Build.0 = Debug|Any CPU
		{E87A78FE-3188-48C1-8A2C-42634B0F1F8B}.Release|Any CPU.ActiveCfg = Release|Any CPU
		{E87A78FE-3188-48C1-8A2C-42634B0F1F8B}.Release|Any CPU.Build.0 = Release|Any CPU
		{EA618DF1-8ABE-4CA8-8C7B-6E3546B92D1F}.Debug|Any CPU.ActiveCfg = Debug|Any CPU
		{EA618DF1-8ABE-4CA8-8C7B-6E3546B92D1F}.Debug|Any CPU.Build.0 = Debug|Any CPU
		{EA618DF1-8ABE-4CA8-8C7B-6E3546B92D1F}.Release|Any CPU.ActiveCfg = Release|Any CPU
		{EA618DF1-8ABE-4CA8-8C7B-6E3546B92D1F}.Release|Any CPU.Build.0 = Release|Any CPU
		{3482C192-1CBD-4861-8566-CD7CDA9E303D}.Debug|Any CPU.ActiveCfg = Debug|Any CPU
		{3482C192-1CBD-4861-8566-CD7CDA9E303D}.Debug|Any CPU.Build.0 = Debug|Any CPU
		{3482C192-1CBD-4861-8566-CD7CDA9E303D}.Release|Any CPU.ActiveCfg = Release|Any CPU
		{3482C192-1CBD-4861-8566-CD7CDA9E303D}.Release|Any CPU.Build.0 = Release|Any CPU
		{58812C77-9CE1-4DF9-BDCC-E38FD733BC47}.Debug|Any CPU.ActiveCfg = Debug|Any CPU
		{58812C77-9CE1-4DF9-BDCC-E38FD733BC47}.Debug|Any CPU.Build.0 = Debug|Any CPU
		{58812C77-9CE1-4DF9-BDCC-E38FD733BC47}.Release|Any CPU.ActiveCfg = Release|Any CPU
		{58812C77-9CE1-4DF9-BDCC-E38FD733BC47}.Release|Any CPU.Build.0 = Release|Any CPU
		{5E0B76B9-AB71-4BCD-8F0E-B12190B49836}.Debug|Any CPU.ActiveCfg = Debug|Any CPU
		{5E0B76B9-AB71-4BCD-8F0E-B12190B49836}.Debug|Any CPU.Build.0 = Debug|Any CPU
		{5E0B76B9-AB71-4BCD-8F0E-B12190B49836}.Release|Any CPU.ActiveCfg = Release|Any CPU
		{5E0B76B9-AB71-4BCD-8F0E-B12190B49836}.Release|Any CPU.Build.0 = Release|Any CPU
		{FBF5B3DF-7636-462F-B41B-47120CDCA800}.Debug|Any CPU.ActiveCfg = Debug|Any CPU
		{FBF5B3DF-7636-462F-B41B-47120CDCA800}.Debug|Any CPU.Build.0 = Debug|Any CPU
		{FBF5B3DF-7636-462F-B41B-47120CDCA800}.Release|Any CPU.ActiveCfg = Release|Any CPU
		{FBF5B3DF-7636-462F-B41B-47120CDCA800}.Release|Any CPU.Build.0 = Release|Any CPU
		{D9461DDE-E8C4-4FDE-BAB9-CD37A0537E1F}.Debug|Any CPU.ActiveCfg = Debug|Any CPU
		{D9461DDE-E8C4-4FDE-BAB9-CD37A0537E1F}.Debug|Any CPU.Build.0 = Debug|Any CPU
		{D9461DDE-E8C4-4FDE-BAB9-CD37A0537E1F}.Release|Any CPU.ActiveCfg = Release|Any CPU
		{D9461DDE-E8C4-4FDE-BAB9-CD37A0537E1F}.Release|Any CPU.Build.0 = Release|Any CPU
		{7B459CCE-41AB-4C84-B3D6-166B97D6527B}.Debug|Any CPU.ActiveCfg = Debug|Any CPU
		{7B459CCE-41AB-4C84-B3D6-166B97D6527B}.Debug|Any CPU.Build.0 = Debug|Any CPU
		{7B459CCE-41AB-4C84-B3D6-166B97D6527B}.Release|Any CPU.ActiveCfg = Release|Any CPU
		{7B459CCE-41AB-4C84-B3D6-166B97D6527B}.Release|Any CPU.Build.0 = Release|Any CPU
		{050EEF56-90F7-4D20-B076-FCF82602BB16}.Debug|Any CPU.ActiveCfg = Debug|Any CPU
		{050EEF56-90F7-4D20-B076-FCF82602BB16}.Debug|Any CPU.Build.0 = Debug|Any CPU
		{050EEF56-90F7-4D20-B076-FCF82602BB16}.Release|Any CPU.ActiveCfg = Release|Any CPU
		{050EEF56-90F7-4D20-B076-FCF82602BB16}.Release|Any CPU.Build.0 = Release|Any CPU
		{4AC63772-FEC2-4523-9BCF-33D11603FF73}.Debug|Any CPU.ActiveCfg = Debug|Any CPU
		{4AC63772-FEC2-4523-9BCF-33D11603FF73}.Debug|Any CPU.Build.0 = Debug|Any CPU
		{4AC63772-FEC2-4523-9BCF-33D11603FF73}.Release|Any CPU.ActiveCfg = Release|Any CPU
		{4AC63772-FEC2-4523-9BCF-33D11603FF73}.Release|Any CPU.Build.0 = Release|Any CPU
		{4B0F1410-89F7-44A2-B076-085E7E1B7CDB}.Debug|Any CPU.ActiveCfg = Debug|Any CPU
		{4B0F1410-89F7-44A2-B076-085E7E1B7CDB}.Debug|Any CPU.Build.0 = Debug|Any CPU
		{4B0F1410-89F7-44A2-B076-085E7E1B7CDB}.Release|Any CPU.ActiveCfg = Release|Any CPU
		{4B0F1410-89F7-44A2-B076-085E7E1B7CDB}.Release|Any CPU.Build.0 = Release|Any CPU
	EndGlobalSection
	GlobalSection(SolutionProperties) = preSolution
		HideSolutionNode = FALSE
	EndGlobalSection
EndGlobal
