
Microsoft Visual Studio Solution File, Format Version 12.00
# Visual Studio 2012
Project("{FAE04EC0-301F-11D3-BF4B-00C04F79EFBC}") = "01.LeapYear", "01.LeapYear\01.LeapYear.csproj", "{759E851A-3CB3-491F-8EDA-28A1D9A9D50D}"
EndProject
Project("{FAE04EC0-301F-11D3-BF4B-00C04F79EFBC}") = "02.RandomNumbers", "02.RandomNumbers\02.RandomNumbers.csproj", "{2584F299-034E-4C2B-B9DB-E717416B260C}"
EndProject
Project("{FAE04EC0-301F-11D3-BF4B-00C04F79EFBC}") = "03.DayOfTheWeek", "03.DayOfTheWeek\03.DayOfTheWeek.csproj", "{B827133C-FAFE-4847-AD9D-DF1EA11034E6}"
EndProject
Project("{FAE04EC0-301F-11D3-BF4B-00C04F79EFBC}") = "06.StringSum", "06.StringSum\06.StringSum.csproj", "{5C24F097-9804-49ED-92B2-EF79922ABD26}"
EndProject
Project("{FAE04EC0-301F-11D3-BF4B-00C04F79EFBC}") = "05.GetWorkingDays", "05.GetWorkingDays\05.GetWorkingDays.csproj", "{B5FD0C78-A827-456F-AF4E-36DC4817743F}"
EndProject
Project("{FAE04EC0-301F-11D3-BF4B-00C04F79EFBC}") = "04.TriangleArea", "04.TriangleArea\04.TriangleArea.csproj", "{45A24007-7339-421A-A7D9-0694E394AEFD}"
EndProject
Global
	GlobalSection(SolutionConfigurationPlatforms) = preSolution
		Debug|Any CPU = Debug|Any CPU
		Release|Any CPU = Release|Any CPU
	EndGlobalSection
	GlobalSection(ProjectConfigurationPlatforms) = postSolution
		{759E851A-3CB3-491F-8EDA-28A1D9A9D50D}.Debug|Any CPU.ActiveCfg = Debug|Any CPU
		{759E851A-3CB3-491F-8EDA-28A1D9A9D50D}.Debug|Any CPU.Build.0 = Debug|Any CPU
		{759E851A-3CB3-491F-8EDA-28A1D9A9D50D}.Release|Any CPU.ActiveCfg = Release|Any CPU
		{759E851A-3CB3-491F-8EDA-28A1D9A9D50D}.Release|Any CPU.Build.0 = Release|Any CPU
		{2584F299-034E-4C2B-B9DB-E717416B260C}.Debug|Any CPU.ActiveCfg = Debug|Any CPU
		{2584F299-034E-4C2B-B9DB-E717416B260C}.Debug|Any CPU.Build.0 = Debug|Any CPU
		{2584F299-034E-4C2B-B9DB-E717416B260C}.Release|Any CPU.ActiveCfg = Release|Any CPU
		{2584F299-034E-4C2B-B9DB-E717416B260C}.Release|Any CPU.Build.0 = Release|Any CPU
		{B827133C-FAFE-4847-AD9D-DF1EA11034E6}.Debug|Any CPU.ActiveCfg = Debug|Any CPU
		{B827133C-FAFE-4847-AD9D-DF1EA11034E6}.Debug|Any CPU.Build.0 = Debug|Any CPU
		{B827133C-FAFE-4847-AD9D-DF1EA11034E6}.Release|Any CPU.ActiveCfg = Release|Any CPU
		{B827133C-FAFE-4847-AD9D-DF1EA11034E6}.Release|Any CPU.Build.0 = Release|Any CPU
		{5C24F097-9804-49ED-92B2-EF79922ABD26}.Debug|Any CPU.ActiveCfg = Debug|Any CPU
		{5C24F097-9804-49ED-92B2-EF79922ABD26}.Debug|Any CPU.Build.0 = Debug|Any CPU
		{5C24F097-9804-49ED-92B2-EF79922ABD26}.Release|Any CPU.ActiveCfg = Release|Any CPU
		{5C24F097-9804-49ED-92B2-EF79922ABD26}.Release|Any CPU.Build.0 = Release|Any CPU
		{B5FD0C78-A827-456F-AF4E-36DC4817743F}.Debug|Any CPU.ActiveCfg = Debug|Any CPU
		{B5FD0C78-A827-456F-AF4E-36DC4817743F}.Debug|Any CPU.Build.0 = Debug|Any CPU
		{B5FD0C78-A827-456F-AF4E-36DC4817743F}.Release|Any CPU.ActiveCfg = Release|Any CPU
		{B5FD0C78-A827-456F-AF4E-36DC4817743F}.Release|Any CPU.Build.0 = Release|Any CPU
		{45A24007-7339-421A-A7D9-0694E394AEFD}.Debug|Any CPU.ActiveCfg = Debug|Any CPU
		{45A24007-7339-421A-A7D9-0694E394AEFD}.Debug|Any CPU.Build.0 = Debug|Any CPU
		{45A24007-7339-421A-A7D9-0694E394AEFD}.Release|Any CPU.ActiveCfg = Release|Any CPU
		{45A24007-7339-421A-A7D9-0694E394AEFD}.Release|Any CPU.Build.0 = Release|Any CPU
	EndGlobalSection
	GlobalSection(SolutionProperties) = preSolution
		HideSolutionNode = FALSE
	EndGlobalSection
EndGlobal
